
Microsoft Visual Studio Solution File, Format Version 12.00
# Visual Studio Version 17
VisualStudioVersion = 17.8.34525.116
MinimumVisualStudioVersion = 10.0.40219.1
Project("{FAE04EC0-301F-11D3-BF4B-00C04F79EFBC}") = "Solving", "Solving\Solving.csproj", "{CEA91461-C83E-4494-A186-6A9FD2F5097E}"
EndProject
Global
	GlobalSection(SolutionConfigurationPlatforms) = preSolution
		Debug|Any CPU = Debug|Any CPU
		Release|Any CPU = Release|Any CPU
	EndGlobalSection
	GlobalSection(ProjectConfigurationPlatforms) = postSolution
		{CEA91461-C83E-4494-A186-6A9FD2F5097E}.Debug|Any CPU.ActiveCfg = Debug|Any CPU
		{CEA91461-C83E-4494-A186-6A9FD2F5097E}.Debug|Any CPU.Build.0 = Debug|Any CPU
		{CEA91461-C83E-4494-A186-6A9FD2F5097E}.Release|Any CPU.ActiveCfg = Release|Any CPU
		{CEA91461-C83E-4494-A186-6A9FD2F5097E}.Release|Any CPU.Build.0 = Release|Any CPU
	EndGlobalSection
	GlobalSection(SolutionProperties) = preSolution
		HideSolutionNode = FALSE
	EndGlobalSection
	GlobalSection(ExtensibilityGlobals) = postSolution
		SolutionGuid = {320E0FF6-30A2-4AB0-925C-8EB1B178E8DC}
	EndGlobalSection
EndGlobal
